// !$*UTF8*$!
{
	archiveVersion = 1;
	classes = {
	};
	objectVersion = 56;
	objects = {

/* Begin PBXBuildFile section */
		103246452C120274005F8798 /* PhotoEditorApp.swift in Sources */ = {isa = PBXBuildFile; fileRef = 103246442C120274005F8798 /* PhotoEditorApp.swift */; };
		103246472C120274005F8798 /* ContentView.swift in Sources */ = {isa = PBXBuildFile; fileRef = 103246462C120274005F8798 /* ContentView.swift */; };
		103246492C120276005F8798 /* Assets.xcassets in Resources */ = {isa = PBXBuildFile; fileRef = 103246482C120276005F8798 /* Assets.xcassets */; };
		1032464C2C120276005F8798 /* Preview Assets.xcassets in Resources */ = {isa = PBXBuildFile; fileRef = 1032464B2C120276005F8798 /* Preview Assets.xcassets */; };
		1053A03A2C121CAA00364109 /* GoogleService-Info.plist in Resources */ = {isa = PBXBuildFile; fileRef = 1053A0392C121CAA00364109 /* GoogleService-Info.plist */; };
		1053A0402C12228300364109 /* ImagePicker.swift in Sources */ = {isa = PBXBuildFile; fileRef = 1053A03F2C12228300364109 /* ImagePicker.swift */; };
		1053A0482C132F8500364109 /* DrawingView.swift in Sources */ = {isa = PBXBuildFile; fileRef = 1053A0472C132F8500364109 /* DrawingView.swift */; };
		1053A04A2C132FA000364109 /* TextOverlay.swift in Sources */ = {isa = PBXBuildFile; fileRef = 1053A0492C132FA000364109 /* TextOverlay.swift */; };
		1053A04C2C132FCE00364109 /* FilteredImageView.swift in Sources */ = {isa = PBXBuildFile; fileRef = 1053A04B2C132FCE00364109 /* FilteredImageView.swift */; };
		10A32CFC2C120AA200D94932 /* FirebaseAnalytics in Frameworks */ = {isa = PBXBuildFile; productRef = 10A32CFB2C120AA200D94932 /* FirebaseAnalytics */; };
		10A32CFE2C120AA200D94932 /* FirebaseAnalyticsOnDeviceConversion in Frameworks */ = {isa = PBXBuildFile; productRef = 10A32CFD2C120AA200D94932 /* FirebaseAnalyticsOnDeviceConversion */; };
		10A32D002C120AA200D94932 /* FirebaseAnalyticsSwift in Frameworks */ = {isa = PBXBuildFile; productRef = 10A32CFF2C120AA200D94932 /* FirebaseAnalyticsSwift */; };
		10A32D022C120AA200D94932 /* FirebaseAnalyticsWithoutAdIdSupport in Frameworks */ = {isa = PBXBuildFile; productRef = 10A32D012C120AA200D94932 /* FirebaseAnalyticsWithoutAdIdSupport */; };
		10A32D042C120AA200D94932 /* FirebaseAppCheck in Frameworks */ = {isa = PBXBuildFile; productRef = 10A32D032C120AA200D94932 /* FirebaseAppCheck */; };
		10A32D062C120AA200D94932 /* FirebaseAppDistribution-Beta in Frameworks */ = {isa = PBXBuildFile; productRef = 10A32D052C120AA200D94932 /* FirebaseAppDistribution-Beta */; };
		10A32D082C120AA200D94932 /* FirebaseAuth in Frameworks */ = {isa = PBXBuildFile; productRef = 10A32D072C120AA200D94932 /* FirebaseAuth */; };
		10A32D0A2C120AA200D94932 /* FirebaseAuthCombine-Community in Frameworks */ = {isa = PBXBuildFile; productRef = 10A32D092C120AA200D94932 /* FirebaseAuthCombine-Community */; };
		10A32D0C2C120AA200D94932 /* FirebaseCrashlytics in Frameworks */ = {isa = PBXBuildFile; productRef = 10A32D0B2C120AA200D94932 /* FirebaseCrashlytics */; };
		10A32D0E2C120AA200D94932 /* FirebaseDatabase in Frameworks */ = {isa = PBXBuildFile; productRef = 10A32D0D2C120AA200D94932 /* FirebaseDatabase */; };
		10A32D102C120AA200D94932 /* FirebaseDatabaseSwift in Frameworks */ = {isa = PBXBuildFile; productRef = 10A32D0F2C120AA200D94932 /* FirebaseDatabaseSwift */; };
		10A32D122C120AA200D94932 /* FirebaseDynamicLinks in Frameworks */ = {isa = PBXBuildFile; productRef = 10A32D112C120AA200D94932 /* FirebaseDynamicLinks */; };
		10A32D142C120AA200D94932 /* FirebaseFirestore in Frameworks */ = {isa = PBXBuildFile; productRef = 10A32D132C120AA200D94932 /* FirebaseFirestore */; };
		10A32D162C120AA200D94932 /* FirebaseFirestoreCombine-Community in Frameworks */ = {isa = PBXBuildFile; productRef = 10A32D152C120AA200D94932 /* FirebaseFirestoreCombine-Community */; };
		10A32D182C120AA200D94932 /* FirebaseFirestoreSwift in Frameworks */ = {isa = PBXBuildFile; productRef = 10A32D172C120AA200D94932 /* FirebaseFirestoreSwift */; };
		10A32D1A2C120AA200D94932 /* FirebaseFunctions in Frameworks */ = {isa = PBXBuildFile; productRef = 10A32D192C120AA200D94932 /* FirebaseFunctions */; };
		10A32D1C2C120AA200D94932 /* FirebaseFunctionsCombine-Community in Frameworks */ = {isa = PBXBuildFile; productRef = 10A32D1B2C120AA200D94932 /* FirebaseFunctionsCombine-Community */; };
		10A32D1E2C120AA200D94932 /* FirebaseInAppMessaging-Beta in Frameworks */ = {isa = PBXBuildFile; productRef = 10A32D1D2C120AA200D94932 /* FirebaseInAppMessaging-Beta */; };
		10A32D202C120AA200D94932 /* FirebaseInAppMessagingSwift-Beta in Frameworks */ = {isa = PBXBuildFile; productRef = 10A32D1F2C120AA200D94932 /* FirebaseInAppMessagingSwift-Beta */; };
		10A32D222C120AA200D94932 /* FirebaseInstallations in Frameworks */ = {isa = PBXBuildFile; productRef = 10A32D212C120AA200D94932 /* FirebaseInstallations */; };
		10A32D242C120AA200D94932 /* FirebaseMLModelDownloader in Frameworks */ = {isa = PBXBuildFile; productRef = 10A32D232C120AA200D94932 /* FirebaseMLModelDownloader */; };
		10A32D262C120AA200D94932 /* FirebaseMessaging in Frameworks */ = {isa = PBXBuildFile; productRef = 10A32D252C120AA200D94932 /* FirebaseMessaging */; };
		10A32D282C120AA200D94932 /* FirebasePerformance in Frameworks */ = {isa = PBXBuildFile; productRef = 10A32D272C120AA200D94932 /* FirebasePerformance */; };
		10A32D2A2C120AA200D94932 /* FirebaseRemoteConfig in Frameworks */ = {isa = PBXBuildFile; productRef = 10A32D292C120AA200D94932 /* FirebaseRemoteConfig */; };
		10A32D2C2C120AA200D94932 /* FirebaseRemoteConfigSwift in Frameworks */ = {isa = PBXBuildFile; productRef = 10A32D2B2C120AA200D94932 /* FirebaseRemoteConfigSwift */; };
		10A32D2E2C120AA200D94932 /* FirebaseStorage in Frameworks */ = {isa = PBXBuildFile; productRef = 10A32D2D2C120AA200D94932 /* FirebaseStorage */; };
		10A32D302C120AA200D94932 /* FirebaseStorageCombine-Community in Frameworks */ = {isa = PBXBuildFile; productRef = 10A32D2F2C120AA200D94932 /* FirebaseStorageCombine-Community */; };
		10A32D322C120E7300D94932 /* AppDelegate.swift in Sources */ = {isa = PBXBuildFile; fileRef = 10A32D312C120E7300D94932 /* AppDelegate.swift */; };
		10A32D342C120EF300D94932 /* AuthViewModel.swift in Sources */ = {isa = PBXBuildFile; fileRef = 10A32D332C120EF300D94932 /* AuthViewModel.swift */; };
		10A32D362C120F1E00D94932 /* LoginView.swift in Sources */ = {isa = PBXBuildFile; fileRef = 10A32D352C120F1E00D94932 /* LoginView.swift */; };
/* End PBXBuildFile section */

/* Begin PBXFileReference section */
		103246412C120274005F8798 /* PhotoEditor.app */ = {isa = PBXFileReference; explicitFileType = wrapper.application; includeInIndex = 0; path = PhotoEditor.app; sourceTree = BUILT_PRODUCTS_DIR; };
		103246442C120274005F8798 /* PhotoEditorApp.swift */ = {isa = PBXFileReference; lastKnownFileType = sourcecode.swift; path = PhotoEditorApp.swift; sourceTree = "<group>"; };
		103246462C120274005F8798 /* ContentView.swift */ = {isa = PBXFileReference; lastKnownFileType = sourcecode.swift; path = ContentView.swift; sourceTree = "<group>"; };
		103246482C120276005F8798 /* Assets.xcassets */ = {isa = PBXFileReference; lastKnownFileType = folder.assetcatalog; path = Assets.xcassets; sourceTree = "<group>"; };
		1032464B2C120276005F8798 /* Preview Assets.xcassets */ = {isa = PBXFileReference; lastKnownFileType = folder.assetcatalog; path = "Preview Assets.xcassets"; sourceTree = "<group>"; };
		1053A0392C121CAA00364109 /* GoogleService-Info.plist */ = {isa = PBXFileReference; fileEncoding = 4; lastKnownFileType = text.plist.xml; name = "GoogleService-Info.plist"; path = "../../Downloads/GoogleService-Info.plist"; sourceTree = "<group>"; };
		1053A03F2C12228300364109 /* ImagePicker.swift */ = {isa = PBXFileReference; lastKnownFileType = sourcecode.swift; path = ImagePicker.swift; sourceTree = "<group>"; };
		1053A0472C132F8500364109 /* DrawingView.swift */ = {isa = PBXFileReference; lastKnownFileType = sourcecode.swift; path = DrawingView.swift; sourceTree = "<group>"; };
		1053A0492C132FA000364109 /* TextOverlay.swift */ = {isa = PBXFileReference; lastKnownFileType = sourcecode.swift; path = TextOverlay.swift; sourceTree = "<group>"; };
		1053A04B2C132FCE00364109 /* FilteredImageView.swift */ = {isa = PBXFileReference; lastKnownFileType = sourcecode.swift; path = FilteredImageView.swift; sourceTree = "<group>"; };
		10A32D312C120E7300D94932 /* AppDelegate.swift */ = {isa = PBXFileReference; lastKnownFileType = sourcecode.swift; path = AppDelegate.swift; sourceTree = "<group>"; };
		10A32D332C120EF300D94932 /* AuthViewModel.swift */ = {isa = PBXFileReference; lastKnownFileType = sourcecode.swift; path = AuthViewModel.swift; sourceTree = "<group>"; };
		10A32D352C120F1E00D94932 /* LoginView.swift */ = {isa = PBXFileReference; lastKnownFileType = sourcecode.swift; path = LoginView.swift; sourceTree = "<group>"; };
/* End PBXFileReference section */

/* Begin PBXFrameworksBuildPhase section */
		1032463E2C120274005F8798 /* Frameworks */ = {
			isa = PBXFrameworksBuildPhase;
			buildActionMask = 2147483647;
			files = (
				10A32D0E2C120AA200D94932 /* FirebaseDatabase in Frameworks */,
				10A32D1C2C120AA200D94932 /* FirebaseFunctionsCombine-Community in Frameworks */,
				10A32D142C120AA200D94932 /* FirebaseFirestore in Frameworks */,
				10A32D002C120AA200D94932 /* FirebaseAnalyticsSwift in Frameworks */,
				10A32CFC2C120AA200D94932 /* FirebaseAnalytics in Frameworks */,
				10A32CFE2C120AA200D94932 /* FirebaseAnalyticsOnDeviceConversion in Frameworks */,
				10A32D242C120AA200D94932 /* FirebaseMLModelDownloader in Frameworks */,
				10A32D182C120AA200D94932 /* FirebaseFirestoreSwift in Frameworks */,
				10A32D042C120AA200D94932 /* FirebaseAppCheck in Frameworks */,
				10A32D022C120AA200D94932 /* FirebaseAnalyticsWithoutAdIdSupport in Frameworks */,
				10A32D082C120AA200D94932 /* FirebaseAuth in Frameworks */,
				10A32D0C2C120AA200D94932 /* FirebaseCrashlytics in Frameworks */,
				10A32D2C2C120AA200D94932 /* FirebaseRemoteConfigSwift in Frameworks */,
				10A32D1E2C120AA200D94932 /* FirebaseInAppMessaging-Beta in Frameworks */,
				10A32D102C120AA200D94932 /* FirebaseDatabaseSwift in Frameworks */,
				10A32D1A2C120AA200D94932 /* FirebaseFunctions in Frameworks */,
				10A32D302C120AA200D94932 /* FirebaseStorageCombine-Community in Frameworks */,
				10A32D2A2C120AA200D94932 /* FirebaseRemoteConfig in Frameworks */,
				10A32D062C120AA200D94932 /* FirebaseAppDistribution-Beta in Frameworks */,
				10A32D0A2C120AA200D94932 /* FirebaseAuthCombine-Community in Frameworks */,
				10A32D282C120AA200D94932 /* FirebasePerformance in Frameworks */,
				10A32D202C120AA200D94932 /* FirebaseInAppMessagingSwift-Beta in Frameworks */,
				10A32D2E2C120AA200D94932 /* FirebaseStorage in Frameworks */,
				10A32D122C120AA200D94932 /* FirebaseDynamicLinks in Frameworks */,
				10A32D162C120AA200D94932 /* FirebaseFirestoreCombine-Community in Frameworks */,
				10A32D262C120AA200D94932 /* FirebaseMessaging in Frameworks */,
				10A32D222C120AA200D94932 /* FirebaseInstallations in Frameworks */,
			);
			runOnlyForDeploymentPostprocessing = 0;
		};
/* End PBXFrameworksBuildPhase section */

/* Begin PBXGroup section */
		103246382C120274005F8798 = {
			isa = PBXGroup;
			children = (
				1053A0392C121CAA00364109 /* GoogleService-Info.plist */,
				103246432C120274005F8798 /* PhotoEditor */,
				103246422C120274005F8798 /* Products */,
			);
			sourceTree = "<group>";
		};
		103246422C120274005F8798 /* Products */ = {
			isa = PBXGroup;
			children = (
				103246412C120274005F8798 /* PhotoEditor.app */,
			);
			name = Products;
			sourceTree = "<group>";
		};
		103246432C120274005F8798 /* PhotoEditor */ = {
			isa = PBXGroup;
			children = (
				1053A03C2C12224400364109 /* Editor */,
				1053A03B2C12221700364109 /* Auth */,
				103246442C120274005F8798 /* PhotoEditorApp.swift */,
				103246462C120274005F8798 /* ContentView.swift */,
				103246482C120276005F8798 /* Assets.xcassets */,
				1032464A2C120276005F8798 /* Preview Content */,
			);
			path = PhotoEditor;
			sourceTree = "<group>";
		};
		1032464A2C120276005F8798 /* Preview Content */ = {
			isa = PBXGroup;
			children = (
				1032464B2C120276005F8798 /* Preview Assets.xcassets */,
			);
			path = "Preview Content";
			sourceTree = "<group>";
		};
		1053A03B2C12221700364109 /* Auth */ = {
			isa = PBXGroup;
			children = (
				10A32D332C120EF300D94932 /* AuthViewModel.swift */,
				10A32D352C120F1E00D94932 /* LoginView.swift */,
				10A32D312C120E7300D94932 /* AppDelegate.swift */,
			);
			path = Auth;
			sourceTree = "<group>";
		};
		1053A03C2C12224400364109 /* Editor */ = {
			isa = PBXGroup;
			children = (
				1053A03F2C12228300364109 /* ImagePicker.swift */,
				1053A0472C132F8500364109 /* DrawingView.swift */,
				1053A0492C132FA000364109 /* TextOverlay.swift */,
				1053A04B2C132FCE00364109 /* FilteredImageView.swift */,
			);
			path = Editor;
			sourceTree = "<group>";
		};
/* End PBXGroup section */

/* Begin PBXNativeTarget section */
		103246402C120274005F8798 /* PhotoEditor */ = {
			isa = PBXNativeTarget;
			buildConfigurationList = 1032464F2C120276005F8798 /* Build configuration list for PBXNativeTarget "PhotoEditor" */;
			buildPhases = (
				1032463D2C120274005F8798 /* Sources */,
				1032463E2C120274005F8798 /* Frameworks */,
				1032463F2C120274005F8798 /* Resources */,
			);
			buildRules = (
			);
			dependencies = (
			);
			name = PhotoEditor;
			packageProductDependencies = (
				10A32CFB2C120AA200D94932 /* FirebaseAnalytics */,
				10A32CFD2C120AA200D94932 /* FirebaseAnalyticsOnDeviceConversion */,
				10A32CFF2C120AA200D94932 /* FirebaseAnalyticsSwift */,
				10A32D012C120AA200D94932 /* FirebaseAnalyticsWithoutAdIdSupport */,
				10A32D032C120AA200D94932 /* FirebaseAppCheck */,
				10A32D052C120AA200D94932 /* FirebaseAppDistribution-Beta */,
				10A32D072C120AA200D94932 /* FirebaseAuth */,
				10A32D092C120AA200D94932 /* FirebaseAuthCombine-Community */,
				10A32D0B2C120AA200D94932 /* FirebaseCrashlytics */,
				10A32D0D2C120AA200D94932 /* FirebaseDatabase */,
				10A32D0F2C120AA200D94932 /* FirebaseDatabaseSwift */,
				10A32D112C120AA200D94932 /* FirebaseDynamicLinks */,
				10A32D132C120AA200D94932 /* FirebaseFirestore */,
				10A32D152C120AA200D94932 /* FirebaseFirestoreCombine-Community */,
				10A32D172C120AA200D94932 /* FirebaseFirestoreSwift */,
				10A32D192C120AA200D94932 /* FirebaseFunctions */,
				10A32D1B2C120AA200D94932 /* FirebaseFunctionsCombine-Community */,
				10A32D1D2C120AA200D94932 /* FirebaseInAppMessaging-Beta */,
				10A32D1F2C120AA200D94932 /* FirebaseInAppMessagingSwift-Beta */,
				10A32D212C120AA200D94932 /* FirebaseInstallations */,
				10A32D232C120AA200D94932 /* FirebaseMLModelDownloader */,
				10A32D252C120AA200D94932 /* FirebaseMessaging */,
				10A32D272C120AA200D94932 /* FirebasePerformance */,
				10A32D292C120AA200D94932 /* FirebaseRemoteConfig */,
				10A32D2B2C120AA200D94932 /* FirebaseRemoteConfigSwift */,
				10A32D2D2C120AA200D94932 /* FirebaseStorage */,
				10A32D2F2C120AA200D94932 /* FirebaseStorageCombine-Community */,
			);
			productName = PhotoEditor;
			productReference = 103246412C120274005F8798 /* PhotoEditor.app */;
			productType = "com.apple.product-type.application";
		};
/* End PBXNativeTarget section */

/* Begin PBXProject section */
		103246392C120274005F8798 /* Project object */ = {
			isa = PBXProject;
			attributes = {
				BuildIndependentTargetsInParallel = 1;
				LastSwiftUpdateCheck = 1420;
				LastUpgradeCheck = 1420;
				TargetAttributes = {
					103246402C120274005F8798 = {
						CreatedOnToolsVersion = 14.2;
					};
				};
			};
			buildConfigurationList = 1032463C2C120274005F8798 /* Build configuration list for PBXProject "PhotoEditor" */;
			compatibilityVersion = "Xcode 14.0";
			developmentRegion = en;
			hasScannedForEncodings = 0;
			knownRegions = (
				en,
				Base,
			);
			mainGroup = 103246382C120274005F8798;
			packageReferences = (
				10A32CFA2C120AA200D94932 /* XCRemoteSwiftPackageReference "firebase-ios-sdk" */,
			);
			productRefGroup = 103246422C120274005F8798 /* Products */;
			projectDirPath = "";
			projectRoot = "";
			targets = (
				103246402C120274005F8798 /* PhotoEditor */,
			);
		};
/* End PBXProject section */

/* Begin PBXResourcesBuildPhase section */
		1032463F2C120274005F8798 /* Resources */ = {
			isa = PBXResourcesBuildPhase;
			buildActionMask = 2147483647;
			files = (
				1032464C2C120276005F8798 /* Preview Assets.xcassets in Resources */,
				103246492C120276005F8798 /* Assets.xcassets in Resources */,
				1053A03A2C121CAA00364109 /* GoogleService-Info.plist in Resources */,
			);
			runOnlyForDeploymentPostprocessing = 0;
		};
/* End PBXResourcesBuildPhase section */

/* Begin PBXSourcesBuildPhase section */
		1032463D2C120274005F8798 /* Sources */ = {
			isa = PBXSourcesBuildPhase;
			buildActionMask = 2147483647;
			files = (
				10A32D342C120EF300D94932 /* AuthViewModel.swift in Sources */,
				1053A04A2C132FA000364109 /* TextOverlay.swift in Sources */,
				10A32D322C120E7300D94932 /* AppDelegate.swift in Sources */,
				1053A04C2C132FCE00364109 /* FilteredImageView.swift in Sources */,
				1053A0402C12228300364109 /* ImagePicker.swift in Sources */,
				103246472C120274005F8798 /* ContentView.swift in Sources */,
				10A32D362C120F1E00D94932 /* LoginView.swift in Sources */,
				1053A0482C132F8500364109 /* DrawingView.swift in Sources */,
				103246452C120274005F8798 /* PhotoEditorApp.swift in Sources */,
			);
			runOnlyForDeploymentPostprocessing = 0;
		};
/* End PBXSourcesBuildPhase section */

/* Begin XCBuildConfiguration section */
		1032464D2C120276005F8798 /* Debug */ = {
			isa = XCBuildConfiguration;
			buildSettings = {
				ALWAYS_SEARCH_USER_PATHS = NO;
				CLANG_ANALYZER_NONNULL = YES;
				CLANG_ANALYZER_NUMBER_OBJECT_CONVERSION = YES_AGGRESSIVE;
				CLANG_CXX_LANGUAGE_STANDARD = "gnu++20";
				CLANG_ENABLE_MODULES = YES;
				CLANG_ENABLE_OBJC_ARC = YES;
				CLANG_ENABLE_OBJC_WEAK = YES;
				CLANG_WARN_BLOCK_CAPTURE_AUTORELEASING = YES;
				CLANG_WARN_BOOL_CONVERSION = YES;
				CLANG_WARN_COMMA = YES;
				CLANG_WARN_CONSTANT_CONVERSION = YES;
				CLANG_WARN_DEPRECATED_OBJC_IMPLEMENTATIONS = YES;
				CLANG_WARN_DIRECT_OBJC_ISA_USAGE = YES_ERROR;
				CLANG_WARN_DOCUMENTATION_COMMENTS = YES;
				CLANG_WARN_EMPTY_BODY = YES;
				CLANG_WARN_ENUM_CONVERSION = YES;
				CLANG_WARN_INFINITE_RECURSION = YES;
				CLANG_WARN_INT_CONVERSION = YES;
				CLANG_WARN_NON_LITERAL_NULL_CONVERSION = YES;
				CLANG_WARN_OBJC_IMPLICIT_RETAIN_SELF = YES;
				CLANG_WARN_OBJC_LITERAL_CONVERSION = YES;
				CLANG_WARN_OBJC_ROOT_CLASS = YES_ERROR;
				CLANG_WARN_QUOTED_INCLUDE_IN_FRAMEWORK_HEADER = YES;
				CLANG_WARN_RANGE_LOOP_ANALYSIS = YES;
				CLANG_WARN_STRICT_PROTOTYPES = YES;
				CLANG_WARN_SUSPICIOUS_MOVE = YES;
				CLANG_WARN_UNGUARDED_AVAILABILITY = YES_AGGRESSIVE;
				CLANG_WARN_UNREACHABLE_CODE = YES;
				CLANG_WARN__DUPLICATE_METHOD_MATCH = YES;
				COPY_PHASE_STRIP = NO;
				DEBUG_INFORMATION_FORMAT = dwarf;
				ENABLE_STRICT_OBJC_MSGSEND = YES;
				ENABLE_TESTABILITY = YES;
				GCC_C_LANGUAGE_STANDARD = gnu11;
				GCC_DYNAMIC_NO_PIC = NO;
				GCC_NO_COMMON_BLOCKS = YES;
				GCC_OPTIMIZATION_LEVEL = 0;
				GCC_PREPROCESSOR_DEFINITIONS = (
					"DEBUG=1",
					"$(inherited)",
				);
				GCC_WARN_64_TO_32_BIT_CONVERSION = YES;
				GCC_WARN_ABOUT_RETURN_TYPE = YES_ERROR;
				GCC_WARN_UNDECLARED_SELECTOR = YES;
				GCC_WARN_UNINITIALIZED_AUTOS = YES_AGGRESSIVE;
				GCC_WARN_UNUSED_FUNCTION = YES;
				GCC_WARN_UNUSED_VARIABLE = YES;
				IPHONEOS_DEPLOYMENT_TARGET = 16.2;
				MTL_ENABLE_DEBUG_INFO = INCLUDE_SOURCE;
				MTL_FAST_MATH = YES;
				ONLY_ACTIVE_ARCH = YES;
				SDKROOT = iphoneos;
				SWIFT_ACTIVE_COMPILATION_CONDITIONS = DEBUG;
				SWIFT_OPTIMIZATION_LEVEL = "-Onone";
			};
			name = Debug;
		};
		1032464E2C120276005F8798 /* Release */ = {
			isa = XCBuildConfiguration;
			buildSettings = {
				ALWAYS_SEARCH_USER_PATHS = NO;
				CLANG_ANALYZER_NONNULL = YES;
				CLANG_ANALYZER_NUMBER_OBJECT_CONVERSION = YES_AGGRESSIVE;
				CLANG_CXX_LANGUAGE_STANDARD = "gnu++20";
				CLANG_ENABLE_MODULES = YES;
				CLANG_ENABLE_OBJC_ARC = YES;
				CLANG_ENABLE_OBJC_WEAK = YES;
				CLANG_WARN_BLOCK_CAPTURE_AUTORELEASING = YES;
				CLANG_WARN_BOOL_CONVERSION = YES;
				CLANG_WARN_COMMA = YES;
				CLANG_WARN_CONSTANT_CONVERSION = YES;
				CLANG_WARN_DEPRECATED_OBJC_IMPLEMENTATIONS = YES;
				CLANG_WARN_DIRECT_OBJC_ISA_USAGE = YES_ERROR;
				CLANG_WARN_DOCUMENTATION_COMMENTS = YES;
				CLANG_WARN_EMPTY_BODY = YES;
				CLANG_WARN_ENUM_CONVERSION = YES;
				CLANG_WARN_INFINITE_RECURSION = YES;
				CLANG_WARN_INT_CONVERSION = YES;
				CLANG_WARN_NON_LITERAL_NULL_CONVERSION = YES;
				CLANG_WARN_OBJC_IMPLICIT_RETAIN_SELF = YES;
				CLANG_WARN_OBJC_LITERAL_CONVERSION = YES;
				CLANG_WARN_OBJC_ROOT_CLASS = YES_ERROR;
				CLANG_WARN_QUOTED_INCLUDE_IN_FRAMEWORK_HEADER = YES;
				CLANG_WARN_RANGE_LOOP_ANALYSIS = YES;
				CLANG_WARN_STRICT_PROTOTYPES = YES;
				CLANG_WARN_SUSPICIOUS_MOVE = YES;
				CLANG_WARN_UNGUARDED_AVAILABILITY = YES_AGGRESSIVE;
				CLANG_WARN_UNREACHABLE_CODE = YES;
				CLANG_WARN__DUPLICATE_METHOD_MATCH = YES;
				COPY_PHASE_STRIP = NO;
				DEBUG_INFORMATION_FORMAT = "dwarf-with-dsym";
				ENABLE_NS_ASSERTIONS = NO;
				ENABLE_STRICT_OBJC_MSGSEND = YES;
				GCC_C_LANGUAGE_STANDARD = gnu11;
				GCC_NO_COMMON_BLOCKS = YES;
				GCC_WARN_64_TO_32_BIT_CONVERSION = YES;
				GCC_WARN_ABOUT_RETURN_TYPE = YES_ERROR;
				GCC_WARN_UNDECLARED_SELECTOR = YES;
				GCC_WARN_UNINITIALIZED_AUTOS = YES_AGGRESSIVE;
				GCC_WARN_UNUSED_FUNCTION = YES;
				GCC_WARN_UNUSED_VARIABLE = YES;
				IPHONEOS_DEPLOYMENT_TARGET = 16.2;
				MTL_ENABLE_DEBUG_INFO = NO;
				MTL_FAST_MATH = YES;
				SDKROOT = iphoneos;
				SWIFT_COMPILATION_MODE = wholemodule;
				SWIFT_OPTIMIZATION_LEVEL = "-O";
				VALIDATE_PRODUCT = YES;
			};
			name = Release;
		};
		103246502C120276005F8798 /* Debug */ = {
			isa = XCBuildConfiguration;
			buildSettings = {
				ASSETCATALOG_COMPILER_APPICON_NAME = AppIcon;
				ASSETCATALOG_COMPILER_GLOBAL_ACCENT_COLOR_NAME = AccentColor;
				CODE_SIGN_STYLE = Automatic;
				CURRENT_PROJECT_VERSION = 1;
				DEVELOPMENT_ASSET_PATHS = "\"PhotoEditor/Preview Content\"";
				ENABLE_PREVIEWS = YES;
				GENERATE_INFOPLIST_FILE = YES;
				INFOPLIST_KEY_UIApplicationSceneManifest_Generation = YES;
				INFOPLIST_KEY_UIApplicationSupportsIndirectInputEvents = YES;
				INFOPLIST_KEY_UILaunchScreen_Generation = YES;
				INFOPLIST_KEY_UISupportedInterfaceOrientations_iPad = "UIInterfaceOrientationPortrait UIInterfaceOrientationPortraitUpsideDown UIInterfaceOrientationLandscapeLeft UIInterfaceOrientationLandscapeRight";
				INFOPLIST_KEY_UISupportedInterfaceOrientations_iPhone = "UIInterfaceOrientationPortrait UIInterfaceOrientationLandscapeLeft UIInterfaceOrientationLandscapeRight";
				LD_RUNPATH_SEARCH_PATHS = (
					"$(inherited)",
					"@executable_path/Frameworks",
				);
				MARKETING_VERSION = 1.0;
				PRODUCT_BUNDLE_IDENTIFIER = gravitacia.PhotoEditor;
				PRODUCT_NAME = "$(TARGET_NAME)";
				SWIFT_EMIT_LOC_STRINGS = YES;
				SWIFT_VERSION = 5.0;
				TARGETED_DEVICE_FAMILY = "1,2";
			};
			name = Debug;
		};
		103246512C120276005F8798 /* Release */ = {
			isa = XCBuildConfiguration;
			buildSettings = {
				ASSETCATALOG_COMPILER_APPICON_NAME = AppIcon;
				ASSETCATALOG_COMPILER_GLOBAL_ACCENT_COLOR_NAME = AccentColor;
				CODE_SIGN_STYLE = Automatic;
				CURRENT_PROJECT_VERSION = 1;
				DEVELOPMENT_ASSET_PATHS = "\"PhotoEditor/Preview Content\"";
				ENABLE_PREVIEWS = YES;
				GENERATE_INFOPLIST_FILE = YES;
				INFOPLIST_KEY_UIApplicationSceneManifest_Generation = YES;
				INFOPLIST_KEY_UIApplicationSupportsIndirectInputEvents = YES;
				INFOPLIST_KEY_UILaunchScreen_Generation = YES;
				INFOPLIST_KEY_UISupportedInterfaceOrientations_iPad = "UIInterfaceOrientationPortrait UIInterfaceOrientationPortraitUpsideDown UIInterfaceOrientationLandscapeLeft UIInterfaceOrientationLandscapeRight";
				INFOPLIST_KEY_UISupportedInterfaceOrientations_iPhone = "UIInterfaceOrientationPortrait UIInterfaceOrientationLandscapeLeft UIInterfaceOrientationLandscapeRight";
				LD_RUNPATH_SEARCH_PATHS = (
					"$(inherited)",
					"@executable_path/Frameworks",
				);
				MARKETING_VERSION = 1.0;
				PRODUCT_BUNDLE_IDENTIFIER = gravitacia.PhotoEditor;
				PRODUCT_NAME = "$(TARGET_NAME)";
				SWIFT_EMIT_LOC_STRINGS = YES;
				SWIFT_VERSION = 5.0;
				TARGETED_DEVICE_FAMILY = "1,2";
			};
			name = Release;
		};
/* End XCBuildConfiguration section */

/* Begin XCConfigurationList section */
		1032463C2C120274005F8798 /* Build configuration list for PBXProject "PhotoEditor" */ = {
			isa = XCConfigurationList;
			buildConfigurations = (
				1032464D2C120276005F8798 /* Debug */,
				1032464E2C120276005F8798 /* Release */,
			);
			defaultConfigurationIsVisible = 0;
			defaultConfigurationName = Release;
		};
		1032464F2C120276005F8798 /* Build configuration list for PBXNativeTarget "PhotoEditor" */ = {
			isa = XCConfigurationList;
			buildConfigurations = (
				103246502C120276005F8798 /* Debug */,
				103246512C120276005F8798 /* Release */,
			);
			defaultConfigurationIsVisible = 0;
			defaultConfigurationName = Release;
		};
/* End XCConfigurationList section */

/* Begin XCRemoteSwiftPackageReference section */
		10A32CFA2C120AA200D94932 /* XCRemoteSwiftPackageReference "firebase-ios-sdk" */ = {
			isa = XCRemoteSwiftPackageReference;
			repositoryURL = "https://github.com/firebase/firebase-ios-sdk";
			requirement = {
				kind = upToNextMajorVersion;
				minimumVersion = 9.0.0;
			};
		};
/* End XCRemoteSwiftPackageReference section */

/* Begin XCSwiftPackageProductDependency section */
		10A32CFB2C120AA200D94932 /* FirebaseAnalytics */ = {
			isa = XCSwiftPackageProductDependency;
			package = 10A32CFA2C120AA200D94932 /* XCRemoteSwiftPackageReference "firebase-ios-sdk" */;
			productName = FirebaseAnalytics;
		};
		10A32CFD2C120AA200D94932 /* FirebaseAnalyticsOnDeviceConversion */ = {
			isa = XCSwiftPackageProductDependency;
			package = 10A32CFA2C120AA200D94932 /* XCRemoteSwiftPackageReference "firebase-ios-sdk" */;
			productName = FirebaseAnalyticsOnDeviceConversion;
		};
		10A32CFF2C120AA200D94932 /* FirebaseAnalyticsSwift */ = {
			isa = XCSwiftPackageProductDependency;
			package = 10A32CFA2C120AA200D94932 /* XCRemoteSwiftPackageReference "firebase-ios-sdk" */;
			productName = FirebaseAnalyticsSwift;
		};
		10A32D012C120AA200D94932 /* FirebaseAnalyticsWithoutAdIdSupport */ = {
			isa = XCSwiftPackageProductDependency;
			package = 10A32CFA2C120AA200D94932 /* XCRemoteSwiftPackageReference "firebase-ios-sdk" */;
			productName = FirebaseAnalyticsWithoutAdIdSupport;
		};
		10A32D032C120AA200D94932 /* FirebaseAppCheck */ = {
			isa = XCSwiftPackageProductDependency;
			package = 10A32CFA2C120AA200D94932 /* XCRemoteSwiftPackageReference "firebase-ios-sdk" */;
			productName = FirebaseAppCheck;
		};
		10A32D052C120AA200D94932 /* FirebaseAppDistribution-Beta */ = {
			isa = XCSwiftPackageProductDependency;
			package = 10A32CFA2C120AA200D94932 /* XCRemoteSwiftPackageReference "firebase-ios-sdk" */;
			productName = "FirebaseAppDistribution-Beta";
		};
		10A32D072C120AA200D94932 /* FirebaseAuth */ = {
			isa = XCSwiftPackageProductDependency;
			package = 10A32CFA2C120AA200D94932 /* XCRemoteSwiftPackageReference "firebase-ios-sdk" */;
			productName = FirebaseAuth;
		};
		10A32D092C120AA200D94932 /* FirebaseAuthCombine-Community */ = {
			isa = XCSwiftPackageProductDependency;
			package = 10A32CFA2C120AA200D94932 /* XCRemoteSwiftPackageReference "firebase-ios-sdk" */;
			productName = "FirebaseAuthCombine-Community";
		};
		10A32D0B2C120AA200D94932 /* FirebaseCrashlytics */ = {
			isa = XCSwiftPackageProductDependency;
			package = 10A32CFA2C120AA200D94932 /* XCRemoteSwiftPackageReference "firebase-ios-sdk" */;
			productName = FirebaseCrashlytics;
		};
		10A32D0D2C120AA200D94932 /* FirebaseDatabase */ = {
			isa = XCSwiftPackageProductDependency;
			package = 10A32CFA2C120AA200D94932 /* XCRemoteSwiftPackageReference "firebase-ios-sdk" */;
			productName = FirebaseDatabase;
		};
		10A32D0F2C120AA200D94932 /* FirebaseDatabaseSwift */ = {
			isa = XCSwiftPackageProductDependency;
			package = 10A32CFA2C120AA200D94932 /* XCRemoteSwiftPackageReference "firebase-ios-sdk" */;
			productName = FirebaseDatabaseSwift;
		};
		10A32D112C120AA200D94932 /* FirebaseDynamicLinks */ = {
			isa = XCSwiftPackageProductDependency;
			package = 10A32CFA2C120AA200D94932 /* XCRemoteSwiftPackageReference "firebase-ios-sdk" */;
			productName = FirebaseDynamicLinks;
		};
		10A32D132C120AA200D94932 /* FirebaseFirestore */ = {
			isa = XCSwiftPackageProductDependency;
			package = 10A32CFA2C120AA200D94932 /* XCRemoteSwiftPackageReference "firebase-ios-sdk" */;
			productName = FirebaseFirestore;
		};
		10A32D152C120AA200D94932 /* FirebaseFirestoreCombine-Community */ = {
			isa = XCSwiftPackageProductDependency;
			package = 10A32CFA2C120AA200D94932 /* XCRemoteSwiftPackageReference "firebase-ios-sdk" */;
			productName = "FirebaseFirestoreCombine-Community";
		};
		10A32D172C120AA200D94932 /* FirebaseFirestoreSwift */ = {
			isa = XCSwiftPackageProductDependency;
			package = 10A32CFA2C120AA200D94932 /* XCRemoteSwiftPackageReference "firebase-ios-sdk" */;
			productName = FirebaseFirestoreSwift;
		};
		10A32D192C120AA200D94932 /* FirebaseFunctions */ = {
			isa = XCSwiftPackageProductDependency;
			package = 10A32CFA2C120AA200D94932 /* XCRemoteSwiftPackageReference "firebase-ios-sdk" */;
			productName = FirebaseFunctions;
		};
		10A32D1B2C120AA200D94932 /* FirebaseFunctionsCombine-Community */ = {
			isa = XCSwiftPackageProductDependency;
			package = 10A32CFA2C120AA200D94932 /* XCRemoteSwiftPackageReference "firebase-ios-sdk" */;
			productName = "FirebaseFunctionsCombine-Community";
		};
		10A32D1D2C120AA200D94932 /* FirebaseInAppMessaging-Beta */ = {
			isa = XCSwiftPackageProductDependency;
			package = 10A32CFA2C120AA200D94932 /* XCRemoteSwiftPackageReference "firebase-ios-sdk" */;
			productName = "FirebaseInAppMessaging-Beta";
		};
		10A32D1F2C120AA200D94932 /* FirebaseInAppMessagingSwift-Beta */ = {
			isa = XCSwiftPackageProductDependency;
			package = 10A32CFA2C120AA200D94932 /* XCRemoteSwiftPackageReference "firebase-ios-sdk" */;
			productName = "FirebaseInAppMessagingSwift-Beta";
		};
		10A32D212C120AA200D94932 /* FirebaseInstallations */ = {
			isa = XCSwiftPackageProductDependency;
			package = 10A32CFA2C120AA200D94932 /* XCRemoteSwiftPackageReference "firebase-ios-sdk" */;
			productName = FirebaseInstallations;
		};
		10A32D232C120AA200D94932 /* FirebaseMLModelDownloader */ = {
			isa = XCSwiftPackageProductDependency;
			package = 10A32CFA2C120AA200D94932 /* XCRemoteSwiftPackageReference "firebase-ios-sdk" */;
			productName = FirebaseMLModelDownloader;
		};
		10A32D252C120AA200D94932 /* FirebaseMessaging */ = {
			isa = XCSwiftPackageProductDependency;
			package = 10A32CFA2C120AA200D94932 /* XCRemoteSwiftPackageReference "firebase-ios-sdk" */;
			productName = FirebaseMessaging;
		};
		10A32D272C120AA200D94932 /* FirebasePerformance */ = {
			isa = XCSwiftPackageProductDependency;
			package = 10A32CFA2C120AA200D94932 /* XCRemoteSwiftPackageReference "firebase-ios-sdk" */;
			productName = FirebasePerformance;
		};
		10A32D292C120AA200D94932 /* FirebaseRemoteConfig */ = {
			isa = XCSwiftPackageProductDependency;
			package = 10A32CFA2C120AA200D94932 /* XCRemoteSwiftPackageReference "firebase-ios-sdk" */;
			productName = FirebaseRemoteConfig;
		};
		10A32D2B2C120AA200D94932 /* FirebaseRemoteConfigSwift */ = {
			isa = XCSwiftPackageProductDependency;
			package = 10A32CFA2C120AA200D94932 /* XCRemoteSwiftPackageReference "firebase-ios-sdk" */;
			productName = FirebaseRemoteConfigSwift;
		};
		10A32D2D2C120AA200D94932 /* FirebaseStorage */ = {
			isa = XCSwiftPackageProductDependency;
			package = 10A32CFA2C120AA200D94932 /* XCRemoteSwiftPackageReference "firebase-ios-sdk" */;
			productName = FirebaseStorage;
		};
		10A32D2F2C120AA200D94932 /* FirebaseStorageCombine-Community */ = {
			isa = XCSwiftPackageProductDependency;
			package = 10A32CFA2C120AA200D94932 /* XCRemoteSwiftPackageReference "firebase-ios-sdk" */;
			productName = "FirebaseStorageCombine-Community";
		};
/* End XCSwiftPackageProductDependency section */
	};
	rootObject = 103246392C120274005F8798 /* Project object */;
}
